PODS:
  - Fabric (1.6.3)
  - GoogleMaps (1.11.1)
  - TwitterCore (1.15.1):
    - Fabric
  - TwitterKit (1.15.1):
    - TwitterCore (= 1.15.1)

DEPENDENCIES:
  - GoogleMaps (~> 1.10)
  - TwitterKit

SPEC CHECKSUMS:
  Fabric: cbe0ca6c9531bba17910052f6f105fcbc5fa7f67
  GoogleMaps: c947160008f414c66707a5ea60f35e92055c7670
  TwitterCore: 12983a7464e34afbbf18881347898a9db526ac71
  TwitterKit: b5821570887ec2d77650fa232eaec175665dc443

COCOAPODS: 0.39.0
